
Microsoft Visual Studio Solution File, Format Version 12.00
# Visual Studio Version 16
VisualStudioVersion = 16.0.31515.178
MinimumVisualStudioVersion = 10.0.40219.1
Project("{FAE04EC0-301F-11D3-BF4B-00C04F79EFBC}") = "MenuFrameworkTest", "MenuFrameworkTest\MenuFrameworkTest.csproj", "{FDA4BB4C-4D2B-480B-9B83-EC0A2E74E7D5}"
EndProject
Project("{FAE04EC0-301F-11D3-BF4B-00C04F79EFBC}") = "MenuFramework", "MenuFramework\MenuFramework.csproj", "{6A10F286-5123-4B81-B00C-338E1680AF8A}"
EndProject
Global
	GlobalSection(SolutionConfigurationPlatforms) = preSolution
		Debug|Any CPU = Debug|Any CPU
		Release|Any CPU = Release|Any CPU
	EndGlobalSection
	GlobalSection(ProjectConfigurationPlatforms) = postSolution
		{FDA4BB4C-4D2B-480B-9B83-EC0A2E74E7D5}.Debug|Any CPU.ActiveCfg = Debug|Any CPU
		{FDA4BB4C-4D2B-480B-9B83-EC0A2E74E7D5}.Debug|Any CPU.Build.0 = Debug|Any CPU
		{FDA4BB4C-4D2B-480B-9B83-EC0A2E74E7D5}.Release|Any CPU.ActiveCfg = Release|Any CPU
		{FDA4BB4C-4D2B-480B-9B83-EC0A2E74E7D5}.Release|Any CPU.Build.0 = Release|Any CPU
		{6A10F286-5123-4B81-B00C-338E1680AF8A}.Debug|Any CPU.ActiveCfg = Debug|Any CPU
		{6A10F286-5123-4B81-B00C-338E1680AF8A}.Debug|Any CPU.Build.0 = Debug|Any CPU
		{6A10F286-5123-4B81-B00C-338E1680AF8A}.Release|Any CPU.ActiveCfg = Release|Any CPU
		{6A10F286-5123-4B81-B00C-338E1680AF8A}.Release|Any CPU.Build.0 = Release|Any CPU
	EndGlobalSection
	GlobalSection(SolutionProperties) = preSolution
		HideSolutionNode = FALSE
	EndGlobalSection
	GlobalSection(ExtensibilityGlobals) = postSolution
		SolutionGuid = {0453783F-4C24-473C-B15B-2E680556B7D7}
	EndGlobalSection
EndGlobal
